
Microsoft Visual Studio Solution File, Format Version 12.00
# Visual Studio Version 17
VisualStudioVersion = 17.14.36511.14
MinimumVisualStudioVersion = 10.0.40219.1
Project("{2150E333-8FDC-42A3-9474-1A3956D46DE8}") = "src", "src", "{02EA681E-C7D8-13C7-8484-4AC65E1B71E8}"
EndProject
Project("{2150E333-8FDC-42A3-9474-1A3956D46DE8}") = "tests", "tests", "{1DFA0F37-17B2-4E19-A67D-D7D9E6C37687}"
EndProject
Project("{FAE04EC0-301F-11D3-BF4B-00C04F79EFBC}") = "VgcCollege.Web", "src\VgcCollege.Web\VgcCollege.Web.csproj", "{E0C48B58-4478-61C6-641D-5D86BA3AE91E}"
EndProject
Project("{FAE04EC0-301F-11D3-BF4B-00C04F79EFBC}") = "VgcCollege.Tests", "tests\VgcCollege.Tests\VgcCollege.Tests.csproj", "{CF387A2E-1EDE-DA68-DF04-E692A2402609}"
EndProject
Global
	GlobalSection(SolutionConfigurationPlatforms) = preSolution
		Debug|Any CPU = Debug|Any CPU
		Release|Any CPU = Release|Any CPU
	EndGlobalSection
	GlobalSection(ProjectConfigurationPlatforms) = postSolution
		{E0C48B58-4478-61C6-641D-5D86BA3AE91E}.Debug|Any CPU.ActiveCfg = Debug|Any CPU
		{E0C48B58-4478-61C6-641D-5D86BA3AE91E}.Debug|Any CPU.Build.0 = Debug|Any CPU
		{E0C48B58-4478-61C6-641D-5D86BA3AE91E}.Release|Any CPU.ActiveCfg = Release|Any CPU
		{E0C48B58-4478-61C6-641D-5D86BA3AE91E}.Release|Any CPU.Build.0 = Release|Any CPU
		{CF387A2E-1EDE-DA68-DF04-E692A2402609}.Debug|Any CPU.ActiveCfg = Debug|Any CPU
		{CF387A2E-1EDE-DA68-DF04-E692A2402609}.Debug|Any CPU.Build.0 = Debug|Any CPU
		{CF387A2E-1EDE-DA68-DF04-E692A2402609}.Release|Any CPU.ActiveCfg = Release|Any CPU
		{CF387A2E-1EDE-DA68-DF04-E692A2402609}.Release|Any CPU.Build.0 = Release|Any CPU
	EndGlobalSection
	GlobalSection(SolutionProperties) = preSolution
		HideSolutionNode = FALSE
	EndGlobalSection
	GlobalSection(NestedProjects) = preSolution
		{E0C48B58-4478-61C6-641D-5D86BA3AE91E} = {02EA681E-C7D8-13C7-8484-4AC65E1B71E8}
		{CF387A2E-1EDE-DA68-DF04-E692A2402609} = {1DFA0F37-17B2-4E19-A67D-D7D9E6C37687}
	EndGlobalSection
	GlobalSection(ExtensibilityGlobals) = postSolution
		SolutionGuid = {D49A4274-999D-4A52-82DA-65C81ED1055B}
	EndGlobalSection
EndGlobal
