
Microsoft Visual Studio Solution File, Format Version 12.00
# Visual Studio Version 17
VisualStudioVersion = 17.14.36511.14 d17.14
MinimumVisualStudioVersion = 10.0.40219.1
Project("{FAE04EC0-301F-11D3-BF4B-00C04F79EFBC}") = "VgcCollege.Web", "VgcCollege.Web\VgcCollege.Web.csproj", "{FC27E636-CD79-446A-99BD-57EF9AD6ECC9}"
EndProject
Project("{2150E333-8FDC-42A3-9474-1A3956D46DE8}") = "src", "src", "{02EA681E-C7D8-13C7-8484-4AC65E1B71E8}"
EndProject
Project("{2150E333-8FDC-42A3-9474-1A3956D46DE8}") = "tests", "tests", "{1DFA0F37-17B2-4E19-A67D-D7D9E6C37687}"
EndProject
Project("{FAE04EC0-301F-11D3-BF4B-00C04F79EFBC}") = "VgcCollege.Tests", "VgcCollege.Tests\VgcCollege.Tests.csproj", "{06A3DEE2-53B3-4706-BBA3-10C407A25444}"
EndProject
Global
	GlobalSection(SolutionConfigurationPlatforms) = preSolution
		Debug|Any CPU = Debug|Any CPU
		Release|Any CPU = Release|Any CPU
	EndGlobalSection
	GlobalSection(ProjectConfigurationPlatforms) = postSolution
		{FC27E636-CD79-446A-99BD-57EF9AD6ECC9}.Debug|Any CPU.ActiveCfg = Debug|Any CPU
		{FC27E636-CD79-446A-99BD-57EF9AD6ECC9}.Debug|Any CPU.Build.0 = Debug|Any CPU
		{FC27E636-CD79-446A-99BD-57EF9AD6ECC9}.Release|Any CPU.ActiveCfg = Release|Any CPU
		{FC27E636-CD79-446A-99BD-57EF9AD6ECC9}.Release|Any CPU.Build.0 = Release|Any CPU
		{06A3DEE2-53B3-4706-BBA3-10C407A25444}.Debug|Any CPU.ActiveCfg = Debug|Any CPU
		{06A3DEE2-53B3-4706-BBA3-10C407A25444}.Debug|Any CPU.Build.0 = Debug|Any CPU
		{06A3DEE2-53B3-4706-BBA3-10C407A25444}.Release|Any CPU.ActiveCfg = Release|Any CPU
		{06A3DEE2-53B3-4706-BBA3-10C407A25444}.Release|Any CPU.Build.0 = Release|Any CPU
	EndGlobalSection
	GlobalSection(SolutionProperties) = preSolution
		HideSolutionNode = FALSE
	EndGlobalSection
	GlobalSection(NestedProjects) = preSolution
		{FC27E636-CD79-446A-99BD-57EF9AD6ECC9} = {02EA681E-C7D8-13C7-8484-4AC65E1B71E8}
		{06A3DEE2-53B3-4706-BBA3-10C407A25444} = {1DFA0F37-17B2-4E19-A67D-D7D9E6C37687}
	EndGlobalSection
	GlobalSection(ExtensibilityGlobals) = postSolution
		SolutionGuid = {D49A4274-999D-4A52-82DA-65C81ED1055B}
	EndGlobalSection
EndGlobal
